
Microsoft Visual Studio Solution File, Format Version 12.00
# Visual Studio Version 16
VisualStudioVersion = 16.0.29926.136
MinimumVisualStudioVersion = 10.0.40219.1
Project("{FAE04EC0-301F-11D3-BF4B-00C04F79EFBC}") = "BSIPA-ModList-BeatSaber", "BSIPA-ModList-BeatSaber\BSIPA-ModList-BeatSaber.csproj", "{5D530F8F-2CFB-47AC-AEE4-2B158F027C28}"
EndProject
Global
	GlobalSection(SolutionConfigurationPlatforms) = preSolution
		Debug|Any CPU = Debug|Any CPU
		Release|Any CPU = Release|Any CPU
	EndGlobalSection
	GlobalSection(ProjectConfigurationPlatforms) = postSolution
		{5D530F8F-2CFB-47AC-AEE4-2B158F027C28}.Debug|Any CPU.ActiveCfg = Debug|Any CPU
		{5D530F8F-2CFB-47AC-AEE4-2B158F027C28}.Debug|Any CPU.Build.0 = Debug|Any CPU
		{5D530F8F-2CFB-47AC-AEE4-2B158F027C28}.Release|Any CPU.ActiveCfg = Release|Any CPU
		{5D530F8F-2CFB-47AC-AEE4-2B158F027C28}.Release|Any CPU.Build.0 = Release|Any CPU
	EndGlobalSection
	GlobalSection(SolutionProperties) = preSolution
		HideSolutionNode = FALSE
	EndGlobalSection
	GlobalSection(ExtensibilityGlobals) = postSolution
		SolutionGuid = {24D9B62C-61D7-45B7-A12B-355F2935536E}
	EndGlobalSection
EndGlobal
